
Microsoft Visual Studio Solution File, Format Version 12.00
# Visual Studio Version 16
VisualStudioVersion = 16.0.31410.357
MinimumVisualStudioVersion = 10.0.40219.1
Project("{FAE04EC0-301F-11D3-BF4B-00C04F79EFBC}") = "Tarea-Construir-un-buildpipeline-en-AWS", "Tarea-Construir-un-buildpipeline-en-AWS\Tarea-Construir-un-buildpipeline-en-AWS.csproj", "{B4107EF0-FC91-45DA-B2B6-97FF0CF981AC}"
EndProject
Global
	GlobalSection(SolutionConfigurationPlatforms) = preSolution
		Debug|Any CPU = Debug|Any CPU
		Release|Any CPU = Release|Any CPU
	EndGlobalSection
	GlobalSection(ProjectConfigurationPlatforms) = postSolution
		{B4107EF0-FC91-45DA-B2B6-97FF0CF981AC}.Debug|Any CPU.ActiveCfg = Debug|Any CPU
		{B4107EF0-FC91-45DA-B2B6-97FF0CF981AC}.Debug|Any CPU.Build.0 = Debug|Any CPU
		{B4107EF0-FC91-45DA-B2B6-97FF0CF981AC}.Release|Any CPU.ActiveCfg = Release|Any CPU
		{B4107EF0-FC91-45DA-B2B6-97FF0CF981AC}.Release|Any CPU.Build.0 = Release|Any CPU
	EndGlobalSection
	GlobalSection(SolutionProperties) = preSolution
		HideSolutionNode = FALSE
	EndGlobalSection
	GlobalSection(ExtensibilityGlobals) = postSolution
		SolutionGuid = {1C263B52-0D57-4A52-84AD-4E53FE9C6093}
	EndGlobalSection
EndGlobal
